
Microsoft Visual Studio Solution File, Format Version 12.00
# Visual Studio Version 16
VisualStudioVersion = 16.0.30114.105
MinimumVisualStudioVersion = 10.0.40219.1
Project("{2150E333-8FDC-42A3-9474-1A3956D46DE8}") = "Solution Items", "Solution Items", "{9F8533BF-ED10-4F63-8B23-063E109F7153}"
	ProjectSection(SolutionItems) = preProject
		..\README.md = ..\README.md
	EndProjectSection
EndProject
Project("{9A19103F-16F7-4668-BE54-9A1E7A4F7556}") = "ResourceAPI", "ResourceAPI\ResourceAPI.csproj", "{7550EA2A-ECDB-4CED-810A-36FC581F0F9C}"
EndProject
Project("{9A19103F-16F7-4668-BE54-9A1E7A4F7556}") = "ResourceAPITests", "ResourceAPITests\ResourceAPITests.csproj", "{A10B0B7D-369C-41BA-AC7A-4316D481F27B}"
EndProject
Project("{9A19103F-16F7-4668-BE54-9A1E7A4F7556}") = "ResourceAPIBenchmark", "ResourceAPIBenchmark\ResourceAPIBenchmark.csproj", "{9C02ECCA-38F4-4C56-BD3F-D49648A55EA6}"
EndProject
Project("{FAE04EC0-301F-11D3-BF4B-00C04F79EFBC}") = "ProblemLibrary", "ProblemLibrary\ProblemLibrary.csproj", "{2A415FFD-3F3B-4343-B92A-A5E26FCF2563}"
EndProject
Project("{FAE04EC0-301F-11D3-BF4B-00C04F79EFBC}") = "CommonLibrary", "CommonLibrary\CommonLibrary.csproj", "{C2B23B1E-8BCD-44C1-92E1-44B0FB042E5D}"
EndProject
Global
	GlobalSection(SolutionConfigurationPlatforms) = preSolution
		Debug|Any CPU = Debug|Any CPU
		Release|Any CPU = Release|Any CPU
	EndGlobalSection
	GlobalSection(ProjectConfigurationPlatforms) = postSolution
		{7550EA2A-ECDB-4CED-810A-36FC581F0F9C}.Debug|Any CPU.ActiveCfg = Debug|Any CPU
		{7550EA2A-ECDB-4CED-810A-36FC581F0F9C}.Debug|Any CPU.Build.0 = Debug|Any CPU
		{7550EA2A-ECDB-4CED-810A-36FC581F0F9C}.Release|Any CPU.ActiveCfg = Release|Any CPU
		{7550EA2A-ECDB-4CED-810A-36FC581F0F9C}.Release|Any CPU.Build.0 = Release|Any CPU
		{A10B0B7D-369C-41BA-AC7A-4316D481F27B}.Debug|Any CPU.ActiveCfg = Debug|Any CPU
		{A10B0B7D-369C-41BA-AC7A-4316D481F27B}.Debug|Any CPU.Build.0 = Debug|Any CPU
		{A10B0B7D-369C-41BA-AC7A-4316D481F27B}.Release|Any CPU.ActiveCfg = Release|Any CPU
		{A10B0B7D-369C-41BA-AC7A-4316D481F27B}.Release|Any CPU.Build.0 = Release|Any CPU
		{9C02ECCA-38F4-4C56-BD3F-D49648A55EA6}.Debug|Any CPU.ActiveCfg = Debug|Any CPU
		{9C02ECCA-38F4-4C56-BD3F-D49648A55EA6}.Debug|Any CPU.Build.0 = Debug|Any CPU
		{9C02ECCA-38F4-4C56-BD3F-D49648A55EA6}.Release|Any CPU.ActiveCfg = Release|Any CPU
		{9C02ECCA-38F4-4C56-BD3F-D49648A55EA6}.Release|Any CPU.Build.0 = Release|Any CPU
		{2A415FFD-3F3B-4343-B92A-A5E26FCF2563}.Debug|Any CPU.ActiveCfg = Debug|Any CPU
		{2A415FFD-3F3B-4343-B92A-A5E26FCF2563}.Debug|Any CPU.Build.0 = Debug|Any CPU
		{2A415FFD-3F3B-4343-B92A-A5E26FCF2563}.Release|Any CPU.ActiveCfg = Release|Any CPU
		{2A415FFD-3F3B-4343-B92A-A5E26FCF2563}.Release|Any CPU.Build.0 = Release|Any CPU
		{C2B23B1E-8BCD-44C1-92E1-44B0FB042E5D}.Debug|Any CPU.ActiveCfg = Debug|Any CPU
		{C2B23B1E-8BCD-44C1-92E1-44B0FB042E5D}.Debug|Any CPU.Build.0 = Debug|Any CPU
		{C2B23B1E-8BCD-44C1-92E1-44B0FB042E5D}.Release|Any CPU.ActiveCfg = Release|Any CPU
		{C2B23B1E-8BCD-44C1-92E1-44B0FB042E5D}.Release|Any CPU.Build.0 = Release|Any CPU
	EndGlobalSection
	GlobalSection(SolutionProperties) = preSolution
		HideSolutionNode = FALSE
	EndGlobalSection
	GlobalSection(ExtensibilityGlobals) = postSolution
		SolutionGuid = {3D3F4C1E-263F-4BB5-A6DE-D67E0AD9F830}
	EndGlobalSection
EndGlobal
